// !$*UTF8*$!
{
	archiveVersion = 1;
	classes = {
	};
	objectVersion = 51;
	objects = {

/* Begin PBXBuildFile section */
		76D01E9E92EFA7E1C908ADE7 /* Pods_Messenger.framework in Frameworks */ = {isa = PBXBuildFile; fileRef = E65B1E9CC71F3EB0A1CBE6DF /* Pods_Messenger.framework */; };
		D77057DD257A181B00FA1E3F /* GoogleService-Info.plist in Resources */ = {isa = PBXBuildFile; fileRef = D77057DC257A181B00FA1E3F /* GoogleService-Info.plist */; };
		D77057F1257A2E9A00FA1E3F /* DatabaseManager.swift in Sources */ = {isa = PBXBuildFile; fileRef = D77057F0257A2E9A00FA1E3F /* DatabaseManager.swift */; };
		D79A5C15257935E900B386E6 /* Extensions.swift in Sources */ = {isa = PBXBuildFile; fileRef = D79A5C14257935E900B386E6 /* Extensions.swift */; };
		D7C67FF82579289100E01D16 /* AppDelegate.swift in Sources */ = {isa = PBXBuildFile; fileRef = D7C67FF72579289100E01D16 /* AppDelegate.swift */; };
		D7C67FFA2579289100E01D16 /* SceneDelegate.swift in Sources */ = {isa = PBXBuildFile; fileRef = D7C67FF92579289100E01D16 /* SceneDelegate.swift */; };
		D7C67FFC2579289100E01D16 /* ConversationsViewController.swift in Sources */ = {isa = PBXBuildFile; fileRef = D7C67FFB2579289100E01D16 /* ConversationsViewController.swift */; };
		D7C67FFF2579289100E01D16 /* Main.storyboard in Resources */ = {isa = PBXBuildFile; fileRef = D7C67FFD2579289100E01D16 /* Main.storyboard */; };
		D7C680012579289200E01D16 /* Assets.xcassets in Resources */ = {isa = PBXBuildFile; fileRef = D7C680002579289200E01D16 /* Assets.xcassets */; };
		D7C680042579289200E01D16 /* LaunchScreen.storyboard in Resources */ = {isa = PBXBuildFile; fileRef = D7C680022579289200E01D16 /* LaunchScreen.storyboard */; };
		D7C6801825792BFD00E01D16 /* LoginViewController.swift in Sources */ = {isa = PBXBuildFile; fileRef = D7C6801725792BFD00E01D16 /* LoginViewController.swift */; };
		D7C6801C25792C4500E01D16 /* RegisterViewController.swift in Sources */ = {isa = PBXBuildFile; fileRef = D7C6801B25792C4500E01D16 /* RegisterViewController.swift */; };
		D7C6801F25792C5500E01D16 /* PhotoViewerViewController.swift in Sources */ = {isa = PBXBuildFile; fileRef = D7C6801E25792C5500E01D16 /* PhotoViewerViewController.swift */; };
		D7C6802225792C5F00E01D16 /* VideoPlayerViewController.swift in Sources */ = {isa = PBXBuildFile; fileRef = D7C6802125792C5F00E01D16 /* VideoPlayerViewController.swift */; };
		D7C6802525792CA400E01D16 /* NewConversationsViewController.swift in Sources */ = {isa = PBXBuildFile; fileRef = D7C6802425792CA400E01D16 /* NewConversationsViewController.swift */; };
		D7C6802825792CAC00E01D16 /* ProfileViewController.swift in Sources */ = {isa = PBXBuildFile; fileRef = D7C6802725792CAC00E01D16 /* ProfileViewController.swift */; };
/* End PBXBuildFile section */

/* Begin PBXFileReference section */
		B9F7D3CD28233AFBBABC84E8 /* Pods-Messenger.debug.xcconfig */ = {isa = PBXFileReference; includeInIndex = 1; lastKnownFileType = text.xcconfig; name = "Pods-Messenger.debug.xcconfig"; path = "Target Support Files/Pods-Messenger/Pods-Messenger.debug.xcconfig"; sourceTree = "<group>"; };
		CC45B1E68D670B893513FC69 /* Pods-Messenger.release.xcconfig */ = {isa = PBXFileReference; includeInIndex = 1; lastKnownFileType = text.xcconfig; name = "Pods-Messenger.release.xcconfig"; path = "Target Support Files/Pods-Messenger/Pods-Messenger.release.xcconfig"; sourceTree = "<group>"; };
		D77057DC257A181B00FA1E3F /* GoogleService-Info.plist */ = {isa = PBXFileReference; fileEncoding = 4; lastKnownFileType = text.plist.xml; path = "GoogleService-Info.plist"; sourceTree = "<group>"; };
		D77057F0257A2E9A00FA1E3F /* DatabaseManager.swift */ = {isa = PBXFileReference; lastKnownFileType = sourcecode.swift; path = DatabaseManager.swift; sourceTree = "<group>"; };
		D79A5C14257935E900B386E6 /* Extensions.swift */ = {isa = PBXFileReference; lastKnownFileType = sourcecode.swift; path = Extensions.swift; sourceTree = "<group>"; };
		D7C67FF42579289100E01D16 /* Messenger.app */ = {isa = PBXFileReference; explicitFileType = wrapper.application; includeInIndex = 0; path = Messenger.app; sourceTree = BUILT_PRODUCTS_DIR; };
		D7C67FF72579289100E01D16 /* AppDelegate.swift */ = {isa = PBXFileReference; lastKnownFileType = sourcecode.swift; path = AppDelegate.swift; sourceTree = "<group>"; };
		D7C67FF92579289100E01D16 /* SceneDelegate.swift */ = {isa = PBXFileReference; lastKnownFileType = sourcecode.swift; path = SceneDelegate.swift; sourceTree = "<group>"; };
		D7C67FFB2579289100E01D16 /* ConversationsViewController.swift */ = {isa = PBXFileReference; lastKnownFileType = sourcecode.swift; path = ConversationsViewController.swift; sourceTree = "<group>"; };
		D7C67FFE2579289100E01D16 /* Base */ = {isa = PBXFileReference; lastKnownFileType = file.storyboard; name = Base; path = Base.lproj/Main.storyboard; sourceTree = "<group>"; };
		D7C680002579289200E01D16 /* Assets.xcassets */ = {isa = PBXFileReference; lastKnownFileType = folder.assetcatalog; path = Assets.xcassets; sourceTree = "<group>"; };
		D7C680032579289200E01D16 /* Base */ = {isa = PBXFileReference; lastKnownFileType = file.storyboard; name = Base; path = Base.lproj/LaunchScreen.storyboard; sourceTree = "<group>"; };
		D7C680052579289200E01D16 /* Info.plist */ = {isa = PBXFileReference; lastKnownFileType = text.plist.xml; path = Info.plist; sourceTree = "<group>"; };
		D7C6801725792BFD00E01D16 /* LoginViewController.swift */ = {isa = PBXFileReference; lastKnownFileType = sourcecode.swift; path = LoginViewController.swift; sourceTree = "<group>"; };
		D7C6801B25792C4500E01D16 /* RegisterViewController.swift */ = {isa = PBXFileReference; lastKnownFileType = sourcecode.swift; path = RegisterViewController.swift; sourceTree = "<group>"; };
		D7C6801E25792C5500E01D16 /* PhotoViewerViewController.swift */ = {isa = PBXFileReference; lastKnownFileType = sourcecode.swift; path = PhotoViewerViewController.swift; sourceTree = "<group>"; };
		D7C6802125792C5F00E01D16 /* VideoPlayerViewController.swift */ = {isa = PBXFileReference; lastKnownFileType = sourcecode.swift; path = VideoPlayerViewController.swift; sourceTree = "<group>"; };
		D7C6802425792CA400E01D16 /* NewConversationsViewController.swift */ = {isa = PBXFileReference; lastKnownFileType = sourcecode.swift; path = NewConversationsViewController.swift; sourceTree = "<group>"; };
		D7C6802725792CAC00E01D16 /* ProfileViewController.swift */ = {isa = PBXFileReference; lastKnownFileType = sourcecode.swift; path = ProfileViewController.swift; sourceTree = "<group>"; };
		E65B1E9CC71F3EB0A1CBE6DF /* Pods_Messenger.framework */ = {isa = PBXFileReference; explicitFileType = wrapper.framework; includeInIndex = 0; path = Pods_Messenger.framework; sourceTree = BUILT_PRODUCTS_DIR; };
/* End PBXFileReference section */

/* Begin PBXFrameworksBuildPhase section */
		D7C67FF12579289000E01D16 /* Frameworks */ = {
			isa = PBXFrameworksBuildPhase;
			buildActionMask = 2147483647;
			files = (
				76D01E9E92EFA7E1C908ADE7 /* Pods_Messenger.framework in Frameworks */,
			);
			runOnlyForDeploymentPostprocessing = 0;
		};
/* End PBXFrameworksBuildPhase section */

/* Begin PBXGroup section */
		9F399E8C57EBEA423EF6EE60 /* Frameworks */ = {
			isa = PBXGroup;
			children = (
				E65B1E9CC71F3EB0A1CBE6DF /* Pods_Messenger.framework */,
			);
			name = Frameworks;
			sourceTree = "<group>";
		};
		B06FB97E04A86D4D4F345BFF /* Pods */ = {
			isa = PBXGroup;
			children = (
				B9F7D3CD28233AFBBABC84E8 /* Pods-Messenger.debug.xcconfig */,
				CC45B1E68D670B893513FC69 /* Pods-Messenger.release.xcconfig */,
			);
			path = Pods;
			sourceTree = "<group>";
		};
		D7C67FEB2579289000E01D16 = {
			isa = PBXGroup;
			children = (
				D7C67FF62579289100E01D16 /* Messenger */,
				D7C67FF52579289100E01D16 /* Products */,
				B06FB97E04A86D4D4F345BFF /* Pods */,
				9F399E8C57EBEA423EF6EE60 /* Frameworks */,
			);
			sourceTree = "<group>";
		};
		D7C67FF52579289100E01D16 /* Products */ = {
			isa = PBXGroup;
			children = (
				D7C67FF42579289100E01D16 /* Messenger.app */,
			);
			name = Products;
			sourceTree = "<group>";
		};
		D7C67FF62579289100E01D16 /* Messenger */ = {
			isa = PBXGroup;
			children = (
				D7C68012257929E300E01D16 /* Resourses */,
				D7C68011257929D500E01D16 /* ViewModels */,
				D7C68010257929CE00E01D16 /* Models */,
				D7C6800F257929C700E01D16 /* Views */,
				D7C6800E257929BF00E01D16 /* Controllers */,
				D77057DC257A181B00FA1E3F /* GoogleService-Info.plist */,
				D7C680052579289200E01D16 /* Info.plist */,
			);
			path = Messenger;
			sourceTree = "<group>";
		};
		D7C6800E257929BF00E01D16 /* Controllers */ = {
			isa = PBXGroup;
			children = (
				D7C67FFB2579289100E01D16 /* ConversationsViewController.swift */,
				D7C6802A25792ED200E01D16 /* Login */,
				D7C6801E25792C5500E01D16 /* PhotoViewerViewController.swift */,
				D7C6802125792C5F00E01D16 /* VideoPlayerViewController.swift */,
				D7C6802425792CA400E01D16 /* NewConversationsViewController.swift */,
				D7C6802725792CAC00E01D16 /* ProfileViewController.swift */,
			);
			path = Controllers;
			sourceTree = "<group>";
		};
		D7C6800F257929C700E01D16 /* Views */ = {
			isa = PBXGroup;
			children = (
				D7C680002579289200E01D16 /* Assets.xcassets */,
				D7C6801425792A2900E01D16 /* Storyboards */,
			);
			path = Views;
			sourceTree = "<group>";
		};
		D7C68010257929CE00E01D16 /* Models */ = {
			isa = PBXGroup;
			children = (
			);
			path = Models;
			sourceTree = "<group>";
		};
		D7C68011257929D500E01D16 /* ViewModels */ = {
			isa = PBXGroup;
			children = (
			);
			path = ViewModels;
			sourceTree = "<group>";
		};
		D7C68012257929E300E01D16 /* Resourses */ = {
			isa = PBXGroup;
			children = (
				D7C67FF72579289100E01D16 /* AppDelegate.swift */,
				D7C67FF92579289100E01D16 /* SceneDelegate.swift */,
				D79A5C14257935E900B386E6 /* Extensions.swift */,
				D77057F0257A2E9A00FA1E3F /* DatabaseManager.swift */,
			);
			path = Resourses;
			sourceTree = "<group>";
		};
		D7C6801425792A2900E01D16 /* Storyboards */ = {
			isa = PBXGroup;
			children = (
				D7C680022579289200E01D16 /* LaunchScreen.storyboard */,
				D7C67FFD2579289100E01D16 /* Main.storyboard */,
			);
			path = Storyboards;
			sourceTree = "<group>";
		};
		D7C6802A25792ED200E01D16 /* Login */ = {
			isa = PBXGroup;
			children = (
				D7C6801725792BFD00E01D16 /* LoginViewController.swift */,
				D7C6801B25792C4500E01D16 /* RegisterViewController.swift */,
			);
			path = Login;
			sourceTree = "<group>";
		};
/* End PBXGroup section */

/* Begin PBXNativeTarget section */
		D7C67FF32579289000E01D16 /* Messenger */ = {
			isa = PBXNativeTarget;
			buildConfigurationList = D7C680082579289200E01D16 /* Build configuration list for PBXNativeTarget "Messenger" */;
			buildPhases = (
				F4B5ABF845593057A6986F5A /* [CP] Check Pods Manifest.lock */,
				D7C67FF02579289000E01D16 /* Sources */,
				D7C67FF12579289000E01D16 /* Frameworks */,
				D7C67FF22579289000E01D16 /* Resources */,
				384784D54B936AF826000850 /* [CP] Embed Pods Frameworks */,
			);
			buildRules = (
			);
			dependencies = (
			);
			name = Messenger;
			productName = Messenger;
			productReference = D7C67FF42579289100E01D16 /* Messenger.app */;
			productType = "com.apple.product-type.application";
		};
/* End PBXNativeTarget section */

/* Begin PBXProject section */
		D7C67FEC2579289000E01D16 /* Project object */ = {
			isa = PBXProject;
			attributes = {
				LastSwiftUpdateCheck = 1220;
				LastUpgradeCheck = 1220;
				TargetAttributes = {
					D7C67FF32579289000E01D16 = {
						CreatedOnToolsVersion = 12.2;
					};
				};
			};
			buildConfigurationList = D7C67FEF2579289000E01D16 /* Build configuration list for PBXProject "Messenger" */;
			compatibilityVersion = "Xcode 9.3";
			developmentRegion = en;
			hasScannedForEncodings = 0;
			knownRegions = (
				en,
				Base,
			);
			mainGroup = D7C67FEB2579289000E01D16;
			productRefGroup = D7C67FF52579289100E01D16 /* Products */;
			projectDirPath = "";
			projectRoot = "";
			targets = (
				D7C67FF32579289000E01D16 /* Messenger */,
			);
		};
/* End PBXProject section */

/* Begin PBXResourcesBuildPhase section */
		D7C67FF22579289000E01D16 /* Resources */ = {
			isa = PBXResourcesBuildPhase;
			buildActionMask = 2147483647;
			files = (
				D7C680042579289200E01D16 /* LaunchScreen.storyboard in Resources */,
				D77057DD257A181B00FA1E3F /* GoogleService-Info.plist in Resources */,
				D7C680012579289200E01D16 /* Assets.xcassets in Resources */,
				D7C67FFF2579289100E01D16 /* Main.storyboard in Resources */,
			);
			runOnlyForDeploymentPostprocessing = 0;
		};
/* End PBXResourcesBuildPhase section */

/* Begin PBXShellScriptBuildPhase section */
		384784D54B936AF826000850 /* [CP] Embed Pods Frameworks */ = {
			isa = PBXShellScriptBuildPhase;
			buildActionMask = 2147483647;
			files = (
			);
			inputFileListPaths = (
				"${PODS_ROOT}/Target Support Files/Pods-Messenger/Pods-Messenger-frameworks-${CONFIGURATION}-input-files.xcfilelist",
			);
			name = "[CP] Embed Pods Frameworks";
			outputFileListPaths = (
				"${PODS_ROOT}/Target Support Files/Pods-Messenger/Pods-Messenger-frameworks-${CONFIGURATION}-output-files.xcfilelist",
			);
			runOnlyForDeploymentPostprocessing = 0;
			shellPath = /bin/sh;
			shellScript = "\"${PODS_ROOT}/Target Support Files/Pods-Messenger/Pods-Messenger-frameworks.sh\"\n";
			showEnvVarsInLog = 0;
		};
		F4B5ABF845593057A6986F5A /* [CP] Check Pods Manifest.lock */ = {
			isa = PBXShellScriptBuildPhase;
			buildActionMask = 2147483647;
			files = (
			);
			inputFileListPaths = (
			);
			inputPaths = (
				"${PODS_PODFILE_DIR_PATH}/Podfile.lock",
				"${PODS_ROOT}/Manifest.lock",
			);
			name = "[CP] Check Pods Manifest.lock";
			outputFileListPaths = (
			);
			outputPaths = (
				"$(DERIVED_FILE_DIR)/Pods-Messenger-checkManifestLockResult.txt",
			);
			runOnlyForDeploymentPostprocessing = 0;
			shellPath = /bin/sh;
			shellScript = "diff \"${PODS_PODFILE_DIR_PATH}/Podfile.lock\" \"${PODS_ROOT}/Manifest.lock\" > /dev/null\nif [ $? != 0 ] ; then\n    # print error to STDERR\n    echo \"error: The sandbox is not in sync with the Podfile.lock. Run 'pod install' or update your CocoaPods installation.\" >&2\n    exit 1\nfi\n# This output is used by Xcode 'outputs' to avoid re-running this script phase.\necho \"SUCCESS\" > \"${SCRIPT_OUTPUT_FILE_0}\"\n";
			showEnvVarsInLog = 0;
		};
/* End PBXShellScriptBuildPhase section */

/* Begin PBXSourcesBuildPhase section */
		D7C67FF02579289000E01D16 /* Sources */ = {
			isa = PBXSourcesBuildPhase;
			buildActionMask = 2147483647;
			files = (
				D7C6801825792BFD00E01D16 /* LoginViewController.swift in Sources */,
				D77057F1257A2E9A00FA1E3F /* DatabaseManager.swift in Sources */,
				D7C6801C25792C4500E01D16 /* RegisterViewController.swift in Sources */,
				D7C67FFC2579289100E01D16 /* ConversationsViewController.swift in Sources */,
				D7C6802225792C5F00E01D16 /* VideoPlayerViewController.swift in Sources */,
				D7C67FF82579289100E01D16 /* AppDelegate.swift in Sources */,
				D79A5C15257935E900B386E6 /* Extensions.swift in Sources */,
				D7C67FFA2579289100E01D16 /* SceneDelegate.swift in Sources */,
				D7C6802825792CAC00E01D16 /* ProfileViewController.swift in Sources */,
				D7C6802525792CA400E01D16 /* NewConversationsViewController.swift in Sources */,
				D7C6801F25792C5500E01D16 /* PhotoViewerViewController.swift in Sources */,
			);
			runOnlyForDeploymentPostprocessing = 0;
		};
/* End PBXSourcesBuildPhase section */

/* Begin PBXVariantGroup section */
		D7C67FFD2579289100E01D16 /* Main.storyboard */ = {
			isa = PBXVariantGroup;
			children = (
				D7C67FFE2579289100E01D16 /* Base */,
			);
			name = Main.storyboard;
			sourceTree = "<group>";
		};
		D7C680022579289200E01D16 /* LaunchScreen.storyboard */ = {
			isa = PBXVariantGroup;
			children = (
				D7C680032579289200E01D16 /* Base */,
			);
			name = LaunchScreen.storyboard;
			sourceTree = "<group>";
		};
/* End PBXVariantGroup section */

/* Begin XCBuildConfiguration section */
		D7C680062579289200E01D16 /* Debug */ = {
			isa = XCBuildConfiguration;
			buildSettings = {
				ALWAYS_SEARCH_USER_PATHS = NO;
				CLANG_ANALYZER_NONNULL = YES;
				CLANG_ANALYZER_NUMBER_OBJECT_CONVERSION = YES_AGGRESSIVE;
				CLANG_CXX_LANGUAGE_STANDARD = "gnu++14";
				CLANG_CXX_LIBRARY = "libc++";
				CLANG_ENABLE_MODULES = YES;
				CLANG_ENABLE_OBJC_ARC = YES;
				CLANG_ENABLE_OBJC_WEAK = YES;
				CLANG_WARN_BLOCK_CAPTURE_AUTORELEASING = YES;
				CLANG_WARN_BOOL_CONVERSION = YES;
				CLANG_WARN_COMMA = YES;
				CLANG_WARN_CONSTANT_CONVERSION = YES;
				CLANG_WARN_DEPRECATED_OBJC_IMPLEMENTATIONS = YES;
				CLANG_WARN_DIRECT_OBJC_ISA_USAGE = YES_ERROR;
				CLANG_WARN_DOCUMENTATION_COMMENTS = YES;
				CLANG_WARN_EMPTY_BODY = YES;
				CLANG_WARN_ENUM_CONVERSION = YES;
				CLANG_WARN_INFINITE_RECURSION = YES;
				CLANG_WARN_INT_CONVERSION = YES;
				CLANG_WARN_NON_LITERAL_NULL_CONVERSION = YES;
				CLANG_WARN_OBJC_IMPLICIT_RETAIN_SELF = YES;
				CLANG_WARN_OBJC_LITERAL_CONVERSION = YES;
				CLANG_WARN_OBJC_ROOT_CLASS = YES_ERROR;
				CLANG_WARN_QUOTED_INCLUDE_IN_FRAMEWORK_HEADER = YES;
				CLANG_WARN_RANGE_LOOP_ANALYSIS = YES;
				CLANG_WARN_STRICT_PROTOTYPES = YES;
				CLANG_WARN_SUSPICIOUS_MOVE = YES;
				CLANG_WARN_UNGUARDED_AVAILABILITY = YES_AGGRESSIVE;
				CLANG_WARN_UNREACHABLE_CODE = YES;
				CLANG_WARN__DUPLICATE_METHOD_MATCH = YES;
				COPY_PHASE_STRIP = NO;
				DEBUG_INFORMATION_FORMAT = dwarf;
				ENABLE_STRICT_OBJC_MSGSEND = YES;
				ENABLE_TESTABILITY = YES;
				GCC_C_LANGUAGE_STANDARD = gnu11;
				GCC_DYNAMIC_NO_PIC = NO;
				GCC_NO_COMMON_BLOCKS = YES;
				GCC_OPTIMIZATION_LEVEL = 0;
				GCC_PREPROCESSOR_DEFINITIONS = (
					"DEBUG=1",
					"$(inherited)",
				);
				GCC_WARN_64_TO_32_BIT_CONVERSION = YES;
				GCC_WARN_ABOUT_RETURN_TYPE = YES_ERROR;
				GCC_WARN_UNDECLARED_SELECTOR = YES;
				GCC_WARN_UNINITIALIZED_AUTOS = YES_AGGRESSIVE;
				GCC_WARN_UNUSED_FUNCTION = YES;
				GCC_WARN_UNUSED_VARIABLE = YES;
				IPHONEOS_DEPLOYMENT_TARGET = 14.2;
				MTL_ENABLE_DEBUG_INFO = INCLUDE_SOURCE;
				MTL_FAST_MATH = YES;
				ONLY_ACTIVE_ARCH = YES;
				SDKROOT = iphoneos;
				SWIFT_ACTIVE_COMPILATION_CONDITIONS = DEBUG;
				SWIFT_OPTIMIZATION_LEVEL = "-Onone";
			};
			name = Debug;
		};
		D7C680072579289200E01D16 /* Release */ = {
			isa = XCBuildConfiguration;
			buildSettings = {
				ALWAYS_SEARCH_USER_PATHS = NO;
				CLANG_ANALYZER_NONNULL = YES;
				CLANG_ANALYZER_NUMBER_OBJECT_CONVERSION = YES_AGGRESSIVE;
				CLANG_CXX_LANGUAGE_STANDARD = "gnu++14";
				CLANG_CXX_LIBRARY = "libc++";
				CLANG_ENABLE_MODULES = YES;
				CLANG_ENABLE_OBJC_ARC = YES;
				CLANG_ENABLE_OBJC_WEAK = YES;
				CLANG_WARN_BLOCK_CAPTURE_AUTORELEASING = YES;
				CLANG_WARN_BOOL_CONVERSION = YES;
				CLANG_WARN_COMMA = YES;
				CLANG_WARN_CONSTANT_CONVERSION = YES;
				CLANG_WARN_DEPRECATED_OBJC_IMPLEMENTATIONS = YES;
				CLANG_WARN_DIRECT_OBJC_ISA_USAGE = YES_ERROR;
				CLANG_WARN_DOCUMENTATION_COMMENTS = YES;
				CLANG_WARN_EMPTY_BODY = YES;
				CLANG_WARN_ENUM_CONVERSION = YES;
				CLANG_WARN_INFINITE_RECURSION = YES;
				CLANG_WARN_INT_CONVERSION = YES;
				CLANG_WARN_NON_LITERAL_NULL_CONVERSION = YES;
				CLANG_WARN_OBJC_IMPLICIT_RETAIN_SELF = YES;
				CLANG_WARN_OBJC_LITERAL_CONVERSION = YES;
				CLANG_WARN_OBJC_ROOT_CLASS = YES_ERROR;
				CLANG_WARN_QUOTED_INCLUDE_IN_FRAMEWORK_HEADER = YES;
				CLANG_WARN_RANGE_LOOP_ANALYSIS = YES;
				CLANG_WARN_STRICT_PROTOTYPES = YES;
				CLANG_WARN_SUSPICIOUS_MOVE = YES;
				CLANG_WARN_UNGUARDED_AVAILABILITY = YES_AGGRESSIVE;
				CLANG_WARN_UNREACHABLE_CODE = YES;
				CLANG_WARN__DUPLICATE_METHOD_MATCH = YES;
				COPY_PHASE_STRIP = NO;
				DEBUG_INFORMATION_FORMAT = "dwarf-with-dsym";
				ENABLE_NS_ASSERTIONS = NO;
				ENABLE_STRICT_OBJC_MSGSEND = YES;
				GCC_C_LANGUAGE_STANDARD = gnu11;
				GCC_NO_COMMON_BLOCKS = YES;
				GCC_WARN_64_TO_32_BIT_CONVERSION = YES;
				GCC_WARN_ABOUT_RETURN_TYPE = YES_ERROR;
				GCC_WARN_UNDECLARED_SELECTOR = YES;
				GCC_WARN_UNINITIALIZED_AUTOS = YES_AGGRESSIVE;
				GCC_WARN_UNUSED_FUNCTION = YES;
				GCC_WARN_UNUSED_VARIABLE = YES;
				IPHONEOS_DEPLOYMENT_TARGET = 14.2;
				MTL_ENABLE_DEBUG_INFO = NO;
				MTL_FAST_MATH = YES;
				SDKROOT = iphoneos;
				SWIFT_COMPILATION_MODE = wholemodule;
				SWIFT_OPTIMIZATION_LEVEL = "-O";
				VALIDATE_PRODUCT = YES;
			};
			name = Release;
		};
		D7C680092579289200E01D16 /* Debug */ = {
			isa = XCBuildConfiguration;
			baseConfigurationReference = B9F7D3CD28233AFBBABC84E8 /* Pods-Messenger.debug.xcconfig */;
			buildSettings = {
				ASSETCATALOG_COMPILER_APPICON_NAME = AppIcon;
				ASSETCATALOG_COMPILER_GLOBAL_ACCENT_COLOR_NAME = AccentColor;
				CODE_SIGN_STYLE = Automatic;
				DEVELOPMENT_TEAM = NPJVYTWQ2G;
				INFOPLIST_FILE = Messenger/Info.plist;
				IPHONEOS_DEPLOYMENT_TARGET = 13.5;
				LD_RUNPATH_SEARCH_PATHS = (
					"$(inherited)",
					"@executable_path/Frameworks",
				);
				PRODUCT_BUNDLE_IDENTIFIER = unitbean.Messenger;
				PRODUCT_NAME = "$(TARGET_NAME)";
				SWIFT_VERSION = 5.0;
				TARGETED_DEVICE_FAMILY = "1,2";
			};
			name = Debug;
		};
		D7C6800A2579289200E01D16 /* Release */ = {
			isa = XCBuildConfiguration;
			baseConfigurationReference = CC45B1E68D670B893513FC69 /* Pods-Messenger.release.xcconfig */;
			buildSettings = {
				ASSETCATALOG_COMPILER_APPICON_NAME = AppIcon;
				ASSETCATALOG_COMPILER_GLOBAL_ACCENT_COLOR_NAME = AccentColor;
				CODE_SIGN_STYLE = Automatic;
				DEVELOPMENT_TEAM = NPJVYTWQ2G;
				INFOPLIST_FILE = Messenger/Info.plist;
				IPHONEOS_DEPLOYMENT_TARGET = 13.5;
				LD_RUNPATH_SEARCH_PATHS = (
					"$(inherited)",
					"@executable_path/Frameworks",
				);
				PRODUCT_BUNDLE_IDENTIFIER = unitbean.Messenger;
				PRODUCT_NAME = "$(TARGET_NAME)";
				SWIFT_VERSION = 5.0;
				TARGETED_DEVICE_FAMILY = "1,2";
			};
			name = Release;
		};
/* End XCBuildConfiguration section */

/* Begin XCConfigurationList section */
		D7C67FEF2579289000E01D16 /* Build configuration list for PBXProject "Messenger" */ = {
			isa = XCConfigurationList;
			buildConfigurations = (
				D7C680062579289200E01D16 /* Debug */,
				D7C680072579289200E01D16 /* Release */,
			);
			defaultConfigurationIsVisible = 0;
			defaultConfigurationName = Release;
		};
		D7C680082579289200E01D16 /* Build configuration list for PBXNativeTarget "Messenger" */ = {
			isa = XCConfigurationList;
			buildConfigurations = (
				D7C680092579289200E01D16 /* Debug */,
				D7C6800A2579289200E01D16 /* Release */,
			);
			defaultConfigurationIsVisible = 0;
			defaultConfigurationName = Release;
		};
/* End XCConfigurationList section */
	};
	rootObject = D7C67FEC2579289000E01D16 /* Project object */;
}
